
Microsoft Visual Studio Solution File, Format Version 12.00
# Visual Studio 14
VisualStudioVersion = 14.0.25420.1
MinimumVisualStudioVersion = 10.0.40219.1
Project("{FAE04EC0-301F-11D3-BF4B-00C04F79EFBC}") = "HubSpot.Net", "HubSpot.Net\HubSpot.Net.csproj", "{AE884C62-5573-4088-809C-CEF9D1CFE580}"
EndProject
Project("{FAE04EC0-301F-11D3-BF4B-00C04F79EFBC}") = "HubSpot.Net.Tests", "HubSpot.Net.Tests\HubSpot.Net.Tests.csproj", "{B29CEF14-300A-4C1A-AC82-D3B53273ADE9}"
EndProject
Global
	GlobalSection(SolutionConfigurationPlatforms) = preSolution
		Debug|Any CPU = Debug|Any CPU
		Release|Any CPU = Release|Any CPU
	EndGlobalSection
	GlobalSection(ProjectConfigurationPlatforms) = postSolution
		{AE884C62-5573-4088-809C-CEF9D1CFE580}.Debug|Any CPU.ActiveCfg = Debug|Any CPU
		{AE884C62-5573-4088-809C-CEF9D1CFE580}.Debug|Any CPU.Build.0 = Debug|Any CPU
		{AE884C62-5573-4088-809C-CEF9D1CFE580}.Release|Any CPU.ActiveCfg = Release|Any CPU
		{AE884C62-5573-4088-809C-CEF9D1CFE580}.Release|Any CPU.Build.0 = Release|Any CPU
		{B29CEF14-300A-4C1A-AC82-D3B53273ADE9}.Debug|Any CPU.ActiveCfg = Debug|Any CPU
		{B29CEF14-300A-4C1A-AC82-D3B53273ADE9}.Debug|Any CPU.Build.0 = Debug|Any CPU
		{B29CEF14-300A-4C1A-AC82-D3B53273ADE9}.Release|Any CPU.ActiveCfg = Release|Any CPU
		{B29CEF14-300A-4C1A-AC82-D3B53273ADE9}.Release|Any CPU.Build.0 = Release|Any CPU
	EndGlobalSection
	GlobalSection(SolutionProperties) = preSolution
		HideSolutionNode = FALSE
	EndGlobalSection
EndGlobal
